Microsoft Visual Studio Solution File, Format Version 11.00
# Visual Studio 2008

Project("{82F1521C-8737-B8BA-FFE6-1114275303F7}") = "SurvivalShooterTutorial", "Assembly-CSharp-vs.csproj", "{C98C55A7-1556-52C7-A930-8705C7A8F59A}"
EndProject
Project("{82F1521C-8737-B8BA-FFE6-1114275303F7}") = "SurvivalShooterTutorial", "Assembly-CSharp-Editor-vs.csproj", "{62B21DEC-3CD6-D5FC-C4A6-C49665760194}"
EndProject
Global
	GlobalSection(SolutionConfigurationPlatforms) = preSolution
		Debug|Any CPU = Debug|Any CPU
		Release|Any CPU = Release|Any CPU
	EndGlobalSection
	GlobalSection(ProjectConfigurationPlatforms) = postSolution
		{C98C55A7-1556-52C7-A930-8705C7A8F59A}.Debug|Any CPU.ActiveCfg = Debug|Any CPU
		{C98C55A7-1556-52C7-A930-8705C7A8F59A}.Debug|Any CPU.Build.0 = Debug|Any CPU
		{C98C55A7-1556-52C7-A930-8705C7A8F59A}.Release|Any CPU.ActiveCfg = Release|Any CPU
		{C98C55A7-1556-52C7-A930-8705C7A8F59A}.Release|Any CPU.Build.0 = Release|Any CPU
		{62B21DEC-3CD6-D5FC-C4A6-C49665760194}.Debug|Any CPU.ActiveCfg = Debug|Any CPU
		{62B21DEC-3CD6-D5FC-C4A6-C49665760194}.Debug|Any CPU.Build.0 = Debug|Any CPU
		{62B21DEC-3CD6-D5FC-C4A6-C49665760194}.Release|Any CPU.ActiveCfg = Release|Any CPU
		{62B21DEC-3CD6-D5FC-C4A6-C49665760194}.Release|Any CPU.Build.0 = Release|Any CPU
	EndGlobalSection
	GlobalSection(SolutionProperties) = preSolution
		HideSolutionNode = FALSE
	EndGlobalSection
									GlobalSection(MonoDevelopProperties) = preSolution
		StartupItem = Assembly-CSharp.csproj
		Policies = $0
		$0.TextStylePolicy = $1
		$1.inheritsSet = null
		$1.scope = text/x-csharp
		$0.CSharpFormattingPolicy = $2
		$2.inheritsSet = Mono
		$2.inheritsScope = text/x-csharp
		$2.scope = text/x-csharp
		$0.TextStylePolicy = $3
		$3.FileWidth = 120
		$3.TabWidth = 4
		$3.EolMarker = Unix
		$3.inheritsSet = Mono
		$3.inheritsScope = text/plain
		$3.scope = text/plain
	EndGlobalSection

EndGlobal
